# THIS IS AN AUTOGENERATED FILE. DO NOT EDIT THIS FILE DIRECTLY.
# yarn lockfile v1


"biotope-build-webpack@https://github.com/janrembold/biotope-build-webpack.git#master":
  version "0.0.0"
  resolved "https://github.com/janrembold/biotope-build-webpack.git#5db6ec809f20102760d520d0f125b979ae38e712"

colors@1.1.2:
  version "1.1.2"
  resolved "https://registry.yarnpkg.com/colors/-/colors-1.1.2.tgz#168a4701756b6a7f51a12ce0c97bfa28c084ed63"

commander@^2.15.1:
  version "2.15.1"
  resolved "https://registry.yarnpkg.com/commander/-/commander-2.15.1.tgz#df46e867d0fc2aec66a34662b406a9ccafff5b0f"

console-emoji@^0.0.2:
  version "0.0.2"
  resolved "https://registry.yarnpkg.com/console-emoji/-/console-emoji-0.0.2.tgz#d0d6d2954ee9282f76faebff26d9428fb4631168"
  dependencies:
    colors "1.1.2"
    node-emoji "1.4.1"

node-emoji@1.4.1:
  version "1.4.1"
  resolved "https://registry.yarnpkg.com/node-emoji/-/node-emoji-1.4.1.tgz#c9fa0cf91094335bcb967a6f42b2305c15af2ebc"
  dependencies:
    string.prototype.codepointat "^0.2.0"

string.prototype.codepointat@^0.2.0:
  version "0.2.1"
  resolved "https://registry.yarnpkg.com/string.prototype.codepointat/-/string.prototype.codepointat-0.2.1.tgz#004ad44c8afc727527b108cd462b4d971cd469bc"
